
Microsoft Visual Studio Solution File, Format Version 12.00
# Visual Studio Version 16
VisualStudioVersion = 16.6.30114.105
MinimumVisualStudioVersion = 10.0.40219.1
Project("{FAE04EC0-301F-11D3-BF4B-00C04F79EFBC}") = "API", "API\API.csproj", "{2DD91165-8665-4453-A756-3557FDADC695}"
EndProject
Project("{FAE04EC0-301F-11D3-BF4B-00C04F79EFBC}") = "EmailService", "EmailService\EmailService.csproj", "{E55B3BE6-8528-4DA5-8988-860E89243706}"
EndProject
Global
	GlobalSection(SolutionConfigurationPlatforms) = preSolution
		Debug|Any CPU = Debug|Any CPU
		Debug|x64 = Debug|x64
		Debug|x86 = Debug|x86
		Release|Any CPU = Release|Any CPU
		Release|x64 = Release|x64
		Release|x86 = Release|x86
	EndGlobalSection
	GlobalSection(SolutionProperties) = preSolution
		HideSolutionNode = FALSE
	EndGlobalSection
	GlobalSection(ProjectConfigurationPlatforms) = postSolution
		{2DD91165-8665-4453-A756-3557FDADC695}.Debug|Any CPU.ActiveCfg = Debug|Any CPU
		{2DD91165-8665-4453-A756-3557FDADC695}.Debug|Any CPU.Build.0 = Debug|Any CPU
		{2DD91165-8665-4453-A756-3557FDADC695}.Debug|x64.ActiveCfg = Debug|Any CPU
		{2DD91165-8665-4453-A756-3557FDADC695}.Debug|x64.Build.0 = Debug|Any CPU
		{2DD91165-8665-4453-A756-3557FDADC695}.Debug|x86.ActiveCfg = Debug|Any CPU
		{2DD91165-8665-4453-A756-3557FDADC695}.Debug|x86.Build.0 = Debug|Any CPU
		{2DD91165-8665-4453-A756-3557FDADC695}.Release|Any CPU.ActiveCfg = Release|Any CPU
		{2DD91165-8665-4453-A756-3557FDADC695}.Release|Any CPU.Build.0 = Release|Any CPU
		{2DD91165-8665-4453-A756-3557FDADC695}.Release|x64.ActiveCfg = Release|Any CPU
		{2DD91165-8665-4453-A756-3557FDADC695}.Release|x64.Build.0 = Release|Any CPU
		{2DD91165-8665-4453-A756-3557FDADC695}.Release|x86.ActiveCfg = Release|Any CPU
		{2DD91165-8665-4453-A756-3557FDADC695}.Release|x86.Build.0 = Release|Any CPU
		{E55B3BE6-8528-4DA5-8988-860E89243706}.Debug|Any CPU.ActiveCfg = Debug|Any CPU
		{E55B3BE6-8528-4DA5-8988-860E89243706}.Debug|Any CPU.Build.0 = Debug|Any CPU
		{E55B3BE6-8528-4DA5-8988-860E89243706}.Debug|x64.ActiveCfg = Debug|Any CPU
		{E55B3BE6-8528-4DA5-8988-860E89243706}.Debug|x64.Build.0 = Debug|Any CPU
		{E55B3BE6-8528-4DA5-8988-860E89243706}.Debug|x86.ActiveCfg = Debug|Any CPU
		{E55B3BE6-8528-4DA5-8988-860E89243706}.Debug|x86.Build.0 = Debug|Any CPU
		{E55B3BE6-8528-4DA5-8988-860E89243706}.Release|Any CPU.ActiveCfg = Release|Any CPU
		{E55B3BE6-8528-4DA5-8988-860E89243706}.Release|Any CPU.Build.0 = Release|Any CPU
		{E55B3BE6-8528-4DA5-8988-860E89243706}.Release|x64.ActiveCfg = Release|Any CPU
		{E55B3BE6-8528-4DA5-8988-860E89243706}.Release|x64.Build.0 = Release|Any CPU
		{E55B3BE6-8528-4DA5-8988-860E89243706}.Release|x86.ActiveCfg = Release|Any CPU
		{E55B3BE6-8528-4DA5-8988-860E89243706}.Release|x86.Build.0 = Release|Any CPU
	EndGlobalSection
EndGlobal
